
Microsoft Visual Studio Solution File, Format Version 12.00
# Visual Studio Version 17
VisualStudioVersion = 17.13.35806.99 d17.13
MinimumVisualStudioVersion = 10.0.40219.1
Project("{FAE04EC0-301F-11D3-BF4B-00C04F79EFBC}") = "NegotiationAPI", "NegotiationAPI.csproj", "{9EFE0499-81BB-4B46-AE90-AA919BF4B535}"
EndProject
Global
	GlobalSection(SolutionConfigurationPlatforms) = preSolution
		Debug|Any CPU = Debug|Any CPU
		Release|Any CPU = Release|Any CPU
	EndGlobalSection
	GlobalSection(ProjectConfigurationPlatforms) = postSolution
		{9EFE0499-81BB-4B46-AE90-AA919BF4B535}.Debug|Any CPU.ActiveCfg = Debug|Any CPU
		{9EFE0499-81BB-4B46-AE90-AA919BF4B535}.Debug|Any CPU.Build.0 = Debug|Any CPU
		{9EFE0499-81BB-4B46-AE90-AA919BF4B535}.Release|Any CPU.ActiveCfg = Release|Any CPU
		{9EFE0499-81BB-4B46-AE90-AA919BF4B535}.Release|Any CPU.Build.0 = Release|Any CPU
	EndGlobalSection
	GlobalSection(SolutionProperties) = preSolution
		HideSolutionNode = FALSE
	EndGlobalSection
	GlobalSection(ExtensibilityGlobals) = postSolution
		SolutionGuid = {2029C611-C126-42F1-B20D-30601E667E67}
	EndGlobalSection
EndGlobal
